
Microsoft Visual Studio Solution File, Format Version 12.00
# Visual Studio Version 17
VisualStudioVersion = 17.13.35828.75 d17.13
MinimumVisualStudioVersion = 10.0.40219.1
Project("{FAE04EC0-301F-11D3-BF4B-00C04F79EFBC}") = "MySoundPlayer", "MySoundPlayer\MySoundPlayer.csproj", "{BE686C13-0CEA-4B0B-BFDE-062F81057740}"
EndProject
Global
	GlobalSection(SolutionConfigurationPlatforms) = preSolution
		Debug|Any CPU = Debug|Any CPU
		Release|Any CPU = Release|Any CPU
	EndGlobalSection
	GlobalSection(ProjectConfigurationPlatforms) = postSolution
		{BE686C13-0CEA-4B0B-BFDE-062F81057740}.Debug|Any CPU.ActiveCfg = Debug|Any CPU
		{BE686C13-0CEA-4B0B-BFDE-062F81057740}.Debug|Any CPU.Build.0 = Debug|Any CPU
		{BE686C13-0CEA-4B0B-BFDE-062F81057740}.Release|Any CPU.ActiveCfg = Release|Any CPU
		{BE686C13-0CEA-4B0B-BFDE-062F81057740}.Release|Any CPU.Build.0 = Release|Any CPU
	EndGlobalSection
	GlobalSection(SolutionProperties) = preSolution
		HideSolutionNode = FALSE
	EndGlobalSection
	GlobalSection(ExtensibilityGlobals) = postSolution
		SolutionGuid = {A72B6524-7CC4-4F9E-BE92-16428CBE0854}
	EndGlobalSection
EndGlobal
